lockfileVersion: '9.0'

settings:
  autoInstallPeers: true
  excludeLinksFromLockfile: false

importers:

  .:
    dependencies:
      systeminformation:
        specifier: ^5.23.5
        version: 5.23.5

packages:

  systeminformation@5.23.5:
    resolution: {integrity: sha512-PEpJwhRYxZgBCAlWZhWIgfMTjXLqfcaZ1pJsJn9snWNfBW/Z1YQg1mbIUSWrEV3ErAHF7l/OoVLQeaZDlPzkpA==}
    engines: {node: '>=8.0.0'}
    os: [darwin, linux, win32, freebsd, openbsd, netbsd, sunos, android]
    hasBin: true

snapshots:

  systeminformation@5.23.5: {}
